
Microsoft Visual Studio Solution File, Format Version 12.00
# Visual Studio Version 16
VisualStudioVersion = 16.0.31424.327
MinimumVisualStudioVersion = 10.0.40219.1
Project("{FAE04EC0-301F-11D3-BF4B-00C04F79EFBC}") = "TestCoreApi", "TestCoreApi.csproj", "{6B933736-4BFA-4BD4-A38D-5D8709A0AE1C}"
EndProject
Project("{E53339B2-1760-4266-BCC7-CA923CBCF16C}") = "docker-compose", "docker-compose.dcproj", "{A98CB149-49C3-4155-811F-FC2D51F599F7}"
EndProject
Global
	GlobalSection(SolutionConfigurationPlatforms) = preSolution
		Debug|Any CPU = Debug|Any CPU
		Release|Any CPU = Release|Any CPU
	EndGlobalSection
	GlobalSection(ProjectConfigurationPlatforms) = postSolution
		{6B933736-4BFA-4BD4-A38D-5D8709A0AE1C}.Debug|Any CPU.ActiveCfg = Debug|Any CPU
		{6B933736-4BFA-4BD4-A38D-5D8709A0AE1C}.Debug|Any CPU.Build.0 = Debug|Any CPU
		{6B933736-4BFA-4BD4-A38D-5D8709A0AE1C}.Release|Any CPU.ActiveCfg = Release|Any CPU
		{6B933736-4BFA-4BD4-A38D-5D8709A0AE1C}.Release|Any CPU.Build.0 = Release|Any CPU
		{A98CB149-49C3-4155-811F-FC2D51F599F7}.Debug|Any CPU.ActiveCfg = Debug|Any CPU
		{A98CB149-49C3-4155-811F-FC2D51F599F7}.Debug|Any CPU.Build.0 = Debug|Any CPU
		{A98CB149-49C3-4155-811F-FC2D51F599F7}.Release|Any CPU.ActiveCfg = Release|Any CPU
		{A98CB149-49C3-4155-811F-FC2D51F599F7}.Release|Any CPU.Build.0 = Release|Any CPU
	EndGlobalSection
	GlobalSection(SolutionProperties) = preSolution
		HideSolutionNode = FALSE
	EndGlobalSection
	GlobalSection(ExtensibilityGlobals) = postSolution
		SolutionGuid = {932B5D28-A328-447B-AF8A-5AE5C1113E5B}
	EndGlobalSection
EndGlobal
